// !$*UTF8*$!
{
	archiveVersion = 1;
	classes = {
	};
	objectVersion = 48;
	objects = {

/* Begin PBXBuildFile section */
		193280FC20449EF100D580DD /* AppDelegate.swift in Sources */ = {isa = PBXBuildFile; fileRef = 193280FB20449EF100D580DD /* AppDelegate.swift */; };
		193280FE20449EF100D580DD /* RecipesViewController.swift in Sources */ = {isa = PBXBuildFile; fileRef = 193280FD20449EF100D580DD /* RecipesViewController.swift */; };
		1932810120449EF100D580DD /* Main.storyboard in Resources */ = {isa = PBXBuildFile; fileRef = 193280FF20449EF100D580DD /* Main.storyboard */; };
		1932810420449EF100D580DD /* Recipes.xcdatamodeld in Sources */ = {isa = PBXBuildFile; fileRef = 1932810220449EF100D580DD /* Recipes.xcdatamodeld */; };
		1932810620449EF100D580DD /* Assets.xcassets in Resources */ = {isa = PBXBuildFile; fileRef = 1932810520449EF100D580DD /* Assets.xcassets */; };
		1932810920449EF100D580DD /* LaunchScreen.storyboard in Resources */ = {isa = PBXBuildFile; fileRef = 1932810720449EF100D580DD /* LaunchScreen.storyboard */; };
		193281112044A22000D580DD /* UIViewX.swift in Sources */ = {isa = PBXBuildFile; fileRef = 193281102044A22000D580DD /* UIViewX.swift */; };
		193281132044A26000D580DD /* Networking.swift in Sources */ = {isa = PBXBuildFile; fileRef = 193281122044A26000D580DD /* Networking.swift */; };
		193281152044A2A800D580DD /* RecipeCell.swift in Sources */ = {isa = PBXBuildFile; fileRef = 193281142044A2A800D580DD /* RecipeCell.swift */; };
		193281172044BDEC00D580DD /* RecipesExtensionVC.swift in Sources */ = {isa = PBXBuildFile; fileRef = 193281162044BDEC00D580DD /* RecipesExtensionVC.swift */; };
		1E191C2A1A43D0849C46FF40 /* Pods_Recipes.framework in Frameworks */ = {isa = PBXBuildFile; fileRef = 5AE2756E76F15184945F3A76 /* Pods_Recipes.framework */; };
/* End PBXBuildFile section */

/* Begin PBXFileReference section */
		0FCCEF174879F4726968157F /* Pods-Recipes.debug.xcconfig */ = {isa = PBXFileReference; includeInIndex = 1; lastKnownFileType = text.xcconfig; name = "Pods-Recipes.debug.xcconfig"; path = "Pods/Target Support Files/Pods-Recipes/Pods-Recipes.debug.xcconfig"; sourceTree = "<group>"; };
		193280F820449EF100D580DD /* Recipes.app */ = {isa = PBXFileReference; explicitFileType = wrapper.application; includeInIndex = 0; path = Recipes.app; sourceTree = BUILT_PRODUCTS_DIR; };
		193280FB20449EF100D580DD /* AppDelegate.swift */ = {isa = PBXFileReference; lastKnownFileType = sourcecode.swift; path = AppDelegate.swift; sourceTree = "<group>"; };
		193280FD20449EF100D580DD /* RecipesViewController.swift */ = {isa = PBXFileReference; lastKnownFileType = sourcecode.swift; path = RecipesViewController.swift; sourceTree = "<group>"; };
		1932810020449EF100D580DD /* Base */ = {isa = PBXFileReference; lastKnownFileType = file.storyboard; name = Base; path = Base.lproj/Main.storyboard; sourceTree = "<group>"; };
		1932810320449EF100D580DD /* Recipes.xcdatamodel */ = {isa = PBXFileReference; lastKnownFileType = wrapper.xcdatamodel; path = Recipes.xcdatamodel; sourceTree = "<group>"; };
		1932810520449EF100D580DD /* Assets.xcassets */ = {isa = PBXFileReference; lastKnownFileType = folder.assetcatalog; path = Assets.xcassets; sourceTree = "<group>"; };
		1932810820449EF100D580DD /* Base */ = {isa = PBXFileReference; lastKnownFileType = file.storyboard; name = Base; path = Base.lproj/LaunchScreen.storyboard; sourceTree = "<group>"; };
		1932810A20449EF100D580DD /* Info.plist */ = {isa = PBXFileReference; lastKnownFileType = text.plist.xml; path = Info.plist; sourceTree = "<group>"; };
		193281102044A22000D580DD /* UIViewX.swift */ = {isa = PBXFileReference; lastKnownFileType = sourcecode.swift; path = UIViewX.swift; sourceTree = "<group>"; };
		193281122044A26000D580DD /* Networking.swift */ = {isa = PBXFileReference; lastKnownFileType = sourcecode.swift; path = Networking.swift; sourceTree = "<group>"; };
		193281142044A2A800D580DD /* RecipeCell.swift */ = {isa = PBXFileReference; lastKnownFileType = sourcecode.swift; path = RecipeCell.swift; sourceTree = "<group>"; };
		193281162044BDEC00D580DD /* RecipesExtensionVC.swift */ = {isa = PBXFileReference; lastKnownFileType = sourcecode.swift; path = RecipesExtensionVC.swift; sourceTree = "<group>"; };
		5AE2756E76F15184945F3A76 /* Pods_Recipes.framework */ = {isa = PBXFileReference; explicitFileType = wrapper.framework; includeInIndex = 0; path = Pods_Recipes.framework; sourceTree = BUILT_PRODUCTS_DIR; };
		EB25BCA4ECDC8DB7223EB7B1 /* Pods-Recipes.release.xcconfig */ = {isa = PBXFileReference; includeInIndex = 1; lastKnownFileType = text.xcconfig; name = "Pods-Recipes.release.xcconfig"; path = "Pods/Target Support Files/Pods-Recipes/Pods-Recipes.release.xcconfig"; sourceTree = "<group>"; };
/* End PBXFileReference section */

/* Begin PBXFrameworksBuildPhase section */
		193280F520449EF100D580DD /* Frameworks */ = {
			isa = PBXFrameworksBuildPhase;
			buildActionMask = 2147483647;
			files = (
				1E191C2A1A43D0849C46FF40 /* Pods_Recipes.framework in Frameworks */,
			);
			runOnlyForDeploymentPostprocessing = 0;
		};
/* End PBXFrameworksBuildPhase section */

/* Begin PBXGroup section */
		193280EF20449EF100D580DD = {
			isa = PBXGroup;
			children = (
				193280FA20449EF100D580DD /* Recipes */,
				193280F920449EF100D580DD /* Products */,
				F7ACE3A4B555348F3952E308 /* Pods */,
				F9C3844B7E9D28FCA28296A4 /* Frameworks */,
			);
			sourceTree = "<group>";
		};
		193280F920449EF100D580DD /* Products */ = {
			isa = PBXGroup;
			children = (
				193280F820449EF100D580DD /* Recipes.app */,
			);
			name = Products;
			sourceTree = "<group>";
		};
		193280FA20449EF100D580DD /* Recipes */ = {
			isa = PBXGroup;
			children = (
				193280FB20449EF100D580DD /* AppDelegate.swift */,
				193281182044C52C00D580DD /* Model */,
				1932811A2044C55300D580DD /* View */,
				1932811B2044C56500D580DD /* Controller */,
				1932811C2044C5C000D580DD /* Assets */,
				1932811D2044C5EA00D580DD /* Supporting Files */,
			);
			path = Recipes;
			sourceTree = "<group>";
		};
		193281182044C52C00D580DD /* Model */ = {
			isa = PBXGroup;
			children = (
				193281192044C54000D580DD /* Clients */,
				1932810220449EF100D580DD /* Recipes.xcdatamodeld */,
			);
			path = Model;
			sourceTree = "<group>";
		};
		193281192044C54000D580DD /* Clients */ = {
			isa = PBXGroup;
			children = (
				193281122044A26000D580DD /* Networking.swift */,
			);
			path = Clients;
			sourceTree = "<group>";
		};
		1932811A2044C55300D580DD /* View */ = {
			isa = PBXGroup;
			children = (
				193281102044A22000D580DD /* UIViewX.swift */,
				193281142044A2A800D580DD /* RecipeCell.swift */,
			);
			path = View;
			sourceTree = "<group>";
		};
		1932811B2044C56500D580DD /* Controller */ = {
			isa = PBXGroup;
			children = (
				193280FD20449EF100D580DD /* RecipesViewController.swift */,
				193281162044BDEC00D580DD /* RecipesExtensionVC.swift */,
			);
			path = Controller;
			sourceTree = "<group>";
		};
		1932811C2044C5C000D580DD /* Assets */ = {
			isa = PBXGroup;
			children = (
				193280FF20449EF100D580DD /* Main.storyboard */,
				1932810520449EF100D580DD /* Assets.xcassets */,
				1932810720449EF100D580DD /* LaunchScreen.storyboard */,
			);
			path = Assets;
			sourceTree = "<group>";
		};
		1932811D2044C5EA00D580DD /* Supporting Files */ = {
			isa = PBXGroup;
			children = (
				1932810A20449EF100D580DD /* Info.plist */,
			);
			path = "Supporting Files";
			sourceTree = "<group>";
		};
		F7ACE3A4B555348F3952E308 /* Pods */ = {
			isa = PBXGroup;
			children = (
				0FCCEF174879F4726968157F /* Pods-Recipes.debug.xcconfig */,
				EB25BCA4ECDC8DB7223EB7B1 /* Pods-Recipes.release.xcconfig */,
			);
			name = Pods;
			sourceTree = "<group>";
		};
		F9C3844B7E9D28FCA28296A4 /* Frameworks */ = {
			isa = PBXGroup;
			children = (
				5AE2756E76F15184945F3A76 /* Pods_Recipes.framework */,
			);
			name = Frameworks;
			sourceTree = "<group>";
		};
/* End PBXGroup section */

/* Begin PBXNativeTarget section */
		193280F720449EF100D580DD /* Recipes */ = {
			isa = PBXNativeTarget;
			buildConfigurationList = 1932810D20449EF100D580DD /* Build configuration list for PBXNativeTarget "Recipes" */;
			buildPhases = (
				E746DCA629CF9B3A2B854237 /* [CP] Check Pods Manifest.lock */,
				193280F420449EF100D580DD /* Sources */,
				193280F520449EF100D580DD /* Frameworks */,
				193280F620449EF100D580DD /* Resources */,
				6CE5750DD2F821190A35E561 /* [CP] Embed Pods Frameworks */,
				3FB076C6101E64B6C6E1DDE1 /* [CP] Copy Pods Resources */,
			);
			buildRules = (
			);
			dependencies = (
			);
			name = Recipes;
			productName = Recipes;
			productReference = 193280F820449EF100D580DD /* Recipes.app */;
			productType = "com.apple.product-type.application";
		};
/* End PBXNativeTarget section */

/* Begin PBXProject section */
		193280F020449EF100D580DD /* Project object */ = {
			isa = PBXProject;
			attributes = {
				LastSwiftUpdateCheck = 0920;
				LastUpgradeCheck = 0920;
				ORGANIZATIONNAME = "Sanket  Ray";
				TargetAttributes = {
					193280F720449EF100D580DD = {
						CreatedOnToolsVersion = 9.2;
						ProvisioningStyle = Automatic;
					};
				};
			};
			buildConfigurationList = 193280F320449EF100D580DD /* Build configuration list for PBXProject "Recipes" */;
			compatibilityVersion = "Xcode 8.0";
			developmentRegion = en;
			hasScannedForEncodings = 0;
			knownRegions = (
				en,
				Base,
			);
			mainGroup = 193280EF20449EF100D580DD;
			productRefGroup = 193280F920449EF100D580DD /* Products */;
			projectDirPath = "";
			projectRoot = "";
			targets = (
				193280F720449EF100D580DD /* Recipes */,
			);
		};
/* End PBXProject section */

/* Begin PBXResourcesBuildPhase section */
		193280F620449EF100D580DD /* Resources */ = {
			isa = PBXResourcesBuildPhase;
			buildActionMask = 2147483647;
			files = (
				1932810920449EF100D580DD /* LaunchScreen.storyboard in Resources */,
				1932810620449EF100D580DD /* Assets.xcassets in Resources */,
				1932810120449EF100D580DD /* Main.storyboard in Resources */,
			);
			runOnlyForDeploymentPostprocessing = 0;
		};
/* End PBXResourcesBuildPhase section */

/* Begin PBXShellScriptBuildPhase section */
		3FB076C6101E64B6C6E1DDE1 /* [CP] Copy Pods Resources */ = {
			isa = PBXShellScriptBuildPhase;
			buildActionMask = 2147483647;
			files = (
			);
			inputPaths = (
			);
			name = "[CP] Copy Pods Resources";
			outputPaths = (
			);
			runOnlyForDeploymentPostprocessing = 0;
			shellPath = /bin/sh;
			shellScript = "\"${SRCROOT}/Pods/Target Support Files/Pods-Recipes/Pods-Recipes-resources.sh\"\n";
			showEnvVarsInLog = 0;
		};
		6CE5750DD2F821190A35E561 /* [CP] Embed Pods Frameworks */ = {
			isa = PBXShellScriptBuildPhase;
			buildActionMask = 2147483647;
			files = (
			);
			inputPaths = (
				"${SRCROOT}/Pods/Target Support Files/Pods-Recipes/Pods-Recipes-frameworks.sh",
				"${BUILT_PRODUCTS_DIR}/SVProgressHUD/SVProgressHUD.framework",
			);
			name = "[CP] Embed Pods Frameworks";
			outputPaths = (
				"${TARGET_BUILD_DIR}/${FRAMEWORKS_FOLDER_PATH}/SVProgressHUD.framework",
			);
			runOnlyForDeploymentPostprocessing = 0;
			shellPath = /bin/sh;
			shellScript = "\"${SRCROOT}/Pods/Target Support Files/Pods-Recipes/Pods-Recipes-frameworks.sh\"\n";
			showEnvVarsInLog = 0;
		};
		E746DCA629CF9B3A2B854237 /* [CP] Check Pods Manifest.lock */ = {
			isa = PBXShellScriptBuildPhase;
			buildActionMask = 2147483647;
			files = (
			);
			inputPaths = (
				"${PODS_PODFILE_DIR_PATH}/Podfile.lock",
				"${PODS_ROOT}/Manifest.lock",
			);
			name = "[CP] Check Pods Manifest.lock";
			outputPaths = (
				"$(DERIVED_FILE_DIR)/Pods-Recipes-checkManifestLockResult.txt",
			);
			runOnlyForDeploymentPostprocessing = 0;
			shellPath = /bin/sh;
			shellScript = "diff \"${PODS_PODFILE_DIR_PATH}/Podfile.lock\" \"${PODS_ROOT}/Manifest.lock\" > /dev/null\nif [ $? != 0 ] ; then\n    # print error to STDERR\n    echo \"error: The sandbox is not in sync with the Podfile.lock. Run 'pod install' or update your CocoaPods installation.\" >&2\n    exit 1\nfi\n# This output is used by Xcode 'outputs' to avoid re-running this script phase.\necho \"SUCCESS\" > \"${SCRIPT_OUTPUT_FILE_0}\"\n";
			showEnvVarsInLog = 0;
		};
/* End PBXShellScriptBuildPhase section */

/* Begin PBXSourcesBuildPhase section */
		193280F420449EF100D580DD /* Sources */ = {
			isa = PBXSourcesBuildPhase;
			buildActionMask = 2147483647;
			files = (
				193280FE20449EF100D580DD /* RecipesViewController.swift in Sources */,
				193281132044A26000D580DD /* Networking.swift in Sources */,
				193281112044A22000D580DD /* UIViewX.swift in Sources */,
				193281172044BDEC00D580DD /* RecipesExtensionVC.swift in Sources */,
				193281152044A2A800D580DD /* RecipeCell.swift in Sources */,
				193280FC20449EF100D580DD /* AppDelegate.swift in Sources */,
				1932810420449EF100D580DD /* Recipes.xcdatamodeld in Sources */,
			);
			runOnlyForDeploymentPostprocessing = 0;
		};
/* End PBXSourcesBuildPhase section */

/* Begin PBXVariantGroup section */
		193280FF20449EF100D580DD /* Main.storyboard */ = {
			isa = PBXVariantGroup;
			children = (
				1932810020449EF100D580DD /* Base */,
			);
			name = Main.storyboard;
			sourceTree = "<group>";
		};
		1932810720449EF100D580DD /* LaunchScreen.storyboard */ = {
			isa = PBXVariantGroup;
			children = (
				1932810820449EF100D580DD /* Base */,
			);
			name = LaunchScreen.storyboard;
			sourceTree = "<group>";
		};
/* End PBXVariantGroup section */

/* Begin XCBuildConfiguration section */
		1932810B20449EF100D580DD /* Debug */ = {
			isa = XCBuildConfiguration;
			buildSettings = {
				ALWAYS_SEARCH_USER_PATHS = NO;
				CLANG_ANALYZER_NONNULL = YES;
				CLANG_ANALYZER_NUMBER_OBJECT_CONVERSION = YES_AGGRESSIVE;
				CLANG_CXX_LANGUAGE_STANDARD = "gnu++14";
				CLANG_CXX_LIBRARY = "libc++";
				CLANG_ENABLE_MODULES = YES;
				CLANG_ENABLE_OBJC_ARC = YES;
				CLANG_WARN_BLOCK_CAPTURE_AUTORELEASING = YES;
				CLANG_WARN_BOOL_CONVERSION = YES;
				CLANG_WARN_COMMA = YES;
				CLANG_WARN_CONSTANT_CONVERSION = YES;
				CLANG_WARN_DIRECT_OBJC_ISA_USAGE = YES_ERROR;
				CLANG_WARN_DOCUMENTATION_COMMENTS = YES;
				CLANG_WARN_EMPTY_BODY = YES;
				CLANG_WARN_ENUM_CONVERSION = YES;
				CLANG_WARN_INFINITE_RECURSION = YES;
				CLANG_WARN_INT_CONVERSION = YES;
				CLANG_WARN_NON_LITERAL_NULL_CONVERSION = YES;
				CLANG_WARN_OBJC_LITERAL_CONVERSION = YES;
				CLANG_WARN_OBJC_ROOT_CLASS = YES_ERROR;
				CLANG_WARN_RANGE_LOOP_ANALYSIS = YES;
				CLANG_WARN_STRICT_PROTOTYPES = YES;
				CLANG_WARN_SUSPICIOUS_MOVE = YES;
				CLANG_WARN_UNGUARDED_AVAILABILITY = YES_AGGRESSIVE;
				CLANG_WARN_UNREACHABLE_CODE = YES;
				CLANG_WARN__DUPLICATE_METHOD_MATCH = YES;
				CODE_SIGN_IDENTITY = "iPhone Developer";
				COPY_PHASE_STRIP = NO;
				DEBUG_INFORMATION_FORMAT = dwarf;
				ENABLE_STRICT_OBJC_MSGSEND = YES;
				ENABLE_TESTABILITY = YES;
				GCC_C_LANGUAGE_STANDARD = gnu11;
				GCC_DYNAMIC_NO_PIC = NO;
				GCC_NO_COMMON_BLOCKS = YES;
				GCC_OPTIMIZATION_LEVEL = 0;
				GCC_PREPROCESSOR_DEFINITIONS = (
					"DEBUG=1",
					"$(inherited)",
				);
				GCC_WARN_64_TO_32_BIT_CONVERSION = YES;
				GCC_WARN_ABOUT_RETURN_TYPE = YES_ERROR;
				GCC_WARN_UNDECLARED_SELECTOR = YES;
				GCC_WARN_UNINITIALIZED_AUTOS = YES_AGGRESSIVE;
				GCC_WARN_UNUSED_FUNCTION = YES;
				GCC_WARN_UNUSED_VARIABLE = YES;
				IPHONEOS_DEPLOYMENT_TARGET = 11.2;
				MTL_ENABLE_DEBUG_INFO = YES;
				ONLY_ACTIVE_ARCH = YES;
				SDKROOT = iphoneos;
				SWIFT_ACTIVE_COMPILATION_CONDITIONS = DEBUG;
				SWIFT_OPTIMIZATION_LEVEL = "-Onone";
			};
			name = Debug;
		};
		1932810C20449EF100D580DD /* Release */ = {
			isa = XCBuildConfiguration;
			buildSettings = {
				ALWAYS_SEARCH_USER_PATHS = NO;
				CLANG_ANALYZER_NONNULL = YES;
				CLANG_ANALYZER_NUMBER_OBJECT_CONVERSION = YES_AGGRESSIVE;
				CLANG_CXX_LANGUAGE_STANDARD = "gnu++14";
				CLANG_CXX_LIBRARY = "libc++";
				CLANG_ENABLE_MODULES = YES;
				CLANG_ENABLE_OBJC_ARC = YES;
				CLANG_WARN_BLOCK_CAPTURE_AUTORELEASING = YES;
				CLANG_WARN_BOOL_CONVERSION = YES;
				CLANG_WARN_COMMA = YES;
				CLANG_WARN_CONSTANT_CONVERSION = YES;
				CLANG_WARN_DIRECT_OBJC_ISA_USAGE = YES_ERROR;
				CLANG_WARN_DOCUMENTATION_COMMENTS = YES;
				CLANG_WARN_EMPTY_BODY = YES;
				CLANG_WARN_ENUM_CONVERSION = YES;
				CLANG_WARN_INFINITE_RECURSION = YES;
				CLANG_WARN_INT_CONVERSION = YES;
				CLANG_WARN_NON_LITERAL_NULL_CONVERSION = YES;
				CLANG_WARN_OBJC_LITERAL_CONVERSION = YES;
				CLANG_WARN_OBJC_ROOT_CLASS = YES_ERROR;
				CLANG_WARN_RANGE_LOOP_ANALYSIS = YES;
				CLANG_WARN_STRICT_PROTOTYPES = YES;
				CLANG_WARN_SUSPICIOUS_MOVE = YES;
				CLANG_WARN_UNGUARDED_AVAILABILITY = YES_AGGRESSIVE;
				CLANG_WARN_UNREACHABLE_CODE = YES;
				CLANG_WARN__DUPLICATE_METHOD_MATCH = YES;
				CODE_SIGN_IDENTITY = "iPhone Developer";
				COPY_PHASE_STRIP = NO;
				DEBUG_INFORMATION_FORMAT = "dwarf-with-dsym";
				ENABLE_NS_ASSERTIONS = NO;
				ENABLE_STRICT_OBJC_MSGSEND = YES;
				GCC_C_LANGUAGE_STANDARD = gnu11;
				GCC_NO_COMMON_BLOCKS = YES;
				GCC_WARN_64_TO_32_BIT_CONVERSION = YES;
				GCC_WARN_ABOUT_RETURN_TYPE = YES_ERROR;
				GCC_WARN_UNDECLARED_SELECTOR = YES;
				GCC_WARN_UNINITIALIZED_AUTOS = YES_AGGRESSIVE;
				GCC_WARN_UNUSED_FUNCTION = YES;
				GCC_WARN_UNUSED_VARIABLE = YES;
				IPHONEOS_DEPLOYMENT_TARGET = 11.2;
				MTL_ENABLE_DEBUG_INFO = NO;
				SDKROOT = iphoneos;
				SWIFT_OPTIMIZATION_LEVEL = "-Owholemodule";
				VALIDATE_PRODUCT = YES;
			};
			name = Release;
		};
		1932810E20449EF100D580DD /* Debug */ = {
			isa = XCBuildConfiguration;
			baseConfigurationReference = 0FCCEF174879F4726968157F /* Pods-Recipes.debug.xcconfig */;
			buildSettings = {
				ASSETCATALOG_COMPILER_APPICON_NAME = AppIcon;
				CODE_SIGN_STYLE = Automatic;
				DEVELOPMENT_TEAM = J4H33JVA49;
				INFOPLIST_FILE = Recipes/Info.plist;
				LD_RUNPATH_SEARCH_PATHS = "$(inherited) @executable_path/Frameworks";
				PRODUCT_BUNDLE_IDENTIFIER = Chingel.Recipes;
				PRODUCT_NAME = "$(TARGET_NAME)";
				SWIFT_VERSION = 4.0;
				TARGETED_DEVICE_FAMILY = "1,2";
			};
			name = Debug;
		};
		1932810F20449EF100D580DD /* Release */ = {
			isa = XCBuildConfiguration;
			baseConfigurationReference = EB25BCA4ECDC8DB7223EB7B1 /* Pods-Recipes.release.xcconfig */;
			buildSettings = {
				ASSETCATALOG_COMPILER_APPICON_NAME = AppIcon;
				CODE_SIGN_STYLE = Automatic;
				DEVELOPMENT_TEAM = J4H33JVA49;
				INFOPLIST_FILE = Recipes/Info.plist;
				LD_RUNPATH_SEARCH_PATHS = "$(inherited) @executable_path/Frameworks";
				PRODUCT_BUNDLE_IDENTIFIER = Chingel.Recipes;
				PRODUCT_NAME = "$(TARGET_NAME)";
				SWIFT_VERSION = 4.0;
				TARGETED_DEVICE_FAMILY = "1,2";
			};
			name = Release;
		};
/* End XCBuildConfiguration section */

/* Begin XCConfigurationList section */
		193280F320449EF100D580DD /* Build configuration list for PBXProject "Recipes" */ = {
			isa = XCConfigurationList;
			buildConfigurations = (
				1932810B20449EF100D580DD /* Debug */,
				1932810C20449EF100D580DD /* Release */,
			);
			defaultConfigurationIsVisible = 0;
			defaultConfigurationName = Release;
		};
		1932810D20449EF100D580DD /* Build configuration list for PBXNativeTarget "Recipes" */ = {
			isa = XCConfigurationList;
			buildConfigurations = (
				1932810E20449EF100D580DD /* Debug */,
				1932810F20449EF100D580DD /* Release */,
			);
			defaultConfigurationIsVisible = 0;
			defaultConfigurationName = Release;
		};
/* End XCConfigurationList section */

/* Begin XCVersionGroup section */
		1932810220449EF100D580DD /* Recipes.xcdatamodeld */ = {
			isa = XCVersionGroup;
			children = (
				1932810320449EF100D580DD /* Recipes.xcdatamodel */,
			);
			currentVersion = 1932810320449EF100D580DD /* Recipes.xcdatamodel */;
			path = Recipes.xcdatamodeld;
			sourceTree = "<group>";
			versionGroupType = wrapper.xcdatamodel;
		};
/* End XCVersionGroup section */
	};
	rootObject = 193280F020449EF100D580DD /* Project object */;
}
